
Microsoft Visual Studio Solution File, Format Version 12.00
# Visual Studio 15
VisualStudioVersion = 15.0.28010.2016
MinimumVisualStudioVersion = 10.0.40219.1
Project("{FAE04EC0-301F-11D3-BF4B-00C04F79EFBC}") = "WebShopPage", "WebShopPage\WebShopPage.csproj", "{4F60B715-44C4-4725-96B6-D8D3A74AB12C}"
EndProject
Global
	GlobalSection(SolutionConfigurationPlatforms) = preSolution
		Debug|Any CPU = Debug|Any CPU
		Release|Any CPU = Release|Any CPU
	EndGlobalSection
	GlobalSection(ProjectConfigurationPlatforms) = postSolution
		{4F60B715-44C4-4725-96B6-D8D3A74AB12C}.Debug|Any CPU.ActiveCfg = Debug|Any CPU
		{4F60B715-44C4-4725-96B6-D8D3A74AB12C}.Debug|Any CPU.Build.0 = Debug|Any CPU
		{4F60B715-44C4-4725-96B6-D8D3A74AB12C}.Release|Any CPU.ActiveCfg = Release|Any CPU
		{4F60B715-44C4-4725-96B6-D8D3A74AB12C}.Release|Any CPU.Build.0 = Release|Any CPU
	EndGlobalSection
	GlobalSection(SolutionProperties) = preSolution
		HideSolutionNode = FALSE
	EndGlobalSection
	GlobalSection(ExtensibilityGlobals) = postSolution
		SolutionGuid = {AAD556D1-9EBB-4F3F-A45F-189F4EF063AF}
	EndGlobalSection
EndGlobal
