
Microsoft Visual Studio Solution File, Format Version 12.00
# Visual Studio 15
VisualStudioVersion = 15.0.28010.2016
MinimumVisualStudioVersion = 10.0.40219.1
Project("{FAE04EC0-301F-11D3-BF4B-00C04F79EFBC}") = "WindowsServiceWebbshop", "WindowsServiceWebbshop\WindowsServiceWebbshop.csproj", "{6E358E01-F3A7-435E-BCDA-5BE0D3E8E6CF}"
EndProject
Global
	GlobalSection(SolutionConfigurationPlatforms) = preSolution
		Debug|Any CPU = Debug|Any CPU
		Release|Any CPU = Release|Any CPU
	EndGlobalSection
	GlobalSection(ProjectConfigurationPlatforms) = postSolution
		{6E358E01-F3A7-435E-BCDA-5BE0D3E8E6CF}.Debug|Any CPU.ActiveCfg = Debug|Any CPU
		{6E358E01-F3A7-435E-BCDA-5BE0D3E8E6CF}.Debug|Any CPU.Build.0 = Debug|Any CPU
		{6E358E01-F3A7-435E-BCDA-5BE0D3E8E6CF}.Release|Any CPU.ActiveCfg = Release|Any CPU
		{6E358E01-F3A7-435E-BCDA-5BE0D3E8E6CF}.Release|Any CPU.Build.0 = Release|Any CPU
	EndGlobalSection
	GlobalSection(SolutionProperties) = preSolution
		HideSolutionNode = FALSE
	EndGlobalSection
	GlobalSection(ExtensibilityGlobals) = postSolution
		SolutionGuid = {B2ABF8B0-DC47-447D-A05F-64F850803028}
	EndGlobalSection
EndGlobal
